// !$*UTF8*$!
{
	archiveVersion = 1;
	classes = {
	};
	objectVersion = 50;
	objects = {

/* Begin PBXBuildFile section */
		0B1B41052276D02C0068E3EF /* AppDelegate.swift in Sources */ = {isa = PBXBuildFile; fileRef = 0B1B41042276D02B0068E3EF /* AppDelegate.swift */; };
		0B1B41072276D02C0068E3EF /* ViewController.swift in Sources */ = {isa = PBXBuildFile; fileRef = 0B1B41062276D02C0068E3EF /* ViewController.swift */; };
		0B1B410A2276D02C0068E3EF /* Main.storyboard in Resources */ = {isa = PBXBuildFile; fileRef = 0B1B41082276D02C0068E3EF /* Main.storyboard */; };
		0B1B410C2276D02D0068E3EF /* Assets.xcassets in Resources */ = {isa = PBXBuildFile; fileRef = 0B1B410B2276D02D0068E3EF /* Assets.xcassets */; };
		0B1B410F2276D02D0068E3EF /* LaunchScreen.storyboard in Resources */ = {isa = PBXBuildFile; fileRef = 0B1B410D2276D02D0068E3EF /* LaunchScreen.storyboard */; };
		0B21B492228969FB004270C8 /* UserNotifications.framework in Frameworks */ = {isa = PBXBuildFile; fileRef = 0B21B491228969FB004270C8 /* UserNotifications.framework */; };
		0B21B494228969FB004270C8 /* UserNotificationsUI.framework in Frameworks */ = {isa = PBXBuildFile; fileRef = 0B21B493228969FB004270C8 /* UserNotificationsUI.framework */; };
		0B21B497228969FB004270C8 /* NotificationViewController.swift in Sources */ = {isa = PBXBuildFile; fileRef = 0B21B496228969FB004270C8 /* NotificationViewController.swift */; };
		0B21B49A228969FB004270C8 /* MainInterface.storyboard in Resources */ = {isa = PBXBuildFile; fileRef = 0B21B498228969FB004270C8 /* MainInterface.storyboard */; };
		0B21B49E228969FB004270C8 /* CSVideoNotification.appex in Embed App Extensions */ = {isa = PBXBuildFile; fileRef = 0B21B490228969FB004270C8 /* CSVideoNotification.appex */; settings = {ATTRIBUTES = (RemoveHeadersOnCopy, ); }; };
		0B4A5C63227C6E37008D3505 /* CSPushManager.swift in Sources */ = {isa = PBXBuildFile; fileRef = 0B4A5C62227C6E37008D3505 /* CSPushManager.swift */; };
		0B5601D2228420EF00EEB570 /* MockChatCell.swift in Sources */ = {isa = PBXBuildFile; fileRef = 0B5601D0228420EF00EEB570 /* MockChatCell.swift */; };
		0B5601D3228420EF00EEB570 /* MockChatCell.xib in Resources */ = {isa = PBXBuildFile; fileRef = 0B5601D1228420EF00EEB570 /* MockChatCell.xib */; };
		0B5601D52284251400EEB570 /* CSChat.swift in Sources */ = {isa = PBXBuildFile; fileRef = 0B5601D42284251400EEB570 /* CSChat.swift */; };
		0B78626F228057BF006E92F2 /* CSPushConstants.swift in Sources */ = {isa = PBXBuildFile; fileRef = 0B78626E228057BF006E92F2 /* CSPushConstants.swift */; };
		0B786271228058B1006E92F2 /* PushConstants.plist in Resources */ = {isa = PBXBuildFile; fileRef = 0B786270228058B1006E92F2 /* PushConstants.plist */; };
		0BB518C122806BE400DAD064 /* CSNotificationService.appex in Embed App Extensions */ = {isa = PBXBuildFile; fileRef = 0BB518BA22806BE400DAD064 /* CSNotificationService.appex */; settings = {ATTRIBUTES = (RemoveHeadersOnCopy, ); }; };
		0BB518C922806BFC00DAD064 /* NotificationService.swift in Sources */ = {isa = PBXBuildFile; fileRef = 0BB518BC22806BE400DAD064 /* NotificationService.swift */; };
		0BB518CA2280732B00DAD064 /* CSPushConstants.swift in Sources */ = {isa = PBXBuildFile; fileRef = 0B78626E228057BF006E92F2 /* CSPushConstants.swift */; };
		0BD301D6228C363800DF55BB /* AnimatablePlayButtonLayers.swift in Sources */ = {isa = PBXBuildFile; fileRef = 0BD301D5228C363800DF55BB /* AnimatablePlayButtonLayers.swift */; };
		0BD301D8228C3C3A00DF55BB /* CGRectExtension.swift in Sources */ = {isa = PBXBuildFile; fileRef = 0BD301D7228C3C3A00DF55BB /* CGRectExtension.swift */; };
		0BEBE0C12289A3CF00CCC90E /* NotificationViewModel.swift in Sources */ = {isa = PBXBuildFile; fileRef = 0BEBE0C02289A3CF00CCC90E /* NotificationViewModel.swift */; };
		0BF74B68228AA3BD00CCC93C /* AnimatablePlayButton.swift in Sources */ = {isa = PBXBuildFile; fileRef = 0BF74B67228AA3BD00CCC93C /* AnimatablePlayButton.swift */; };
		3161ACFCCA4673F408B5D0DC /* Pods_Push_Testing.framework in Frameworks */ = {isa = PBXBuildFile; fileRef = 8E267F9046EBFFAFD096F159 /* Pods_Push_Testing.framework */; };
		5B6E368CEA0FC5B299B8B086 /* Pods_CSVideoNotification.framework in Frameworks */ = {isa = PBXBuildFile; fileRef = C9840AB6798AB4117E1655F6 /* Pods_CSVideoNotification.framework */; };
		A28E9B3D0C1AF43F70FF4D38 /* Pods_CSNotificationService.framework in Frameworks */ = {isa = PBXBuildFile; fileRef = 04A982F85380337532979F1F /* Pods_CSNotificationService.framework */; };
/* End PBXBuildFile section */

/* Begin PBXContainerItemProxy section */
		0B21B49C228969FB004270C8 /* PBXContainerItemProxy */ = {
			isa = PBXContainerItemProxy;
			containerPortal = 0B1B40F92276D02B0068E3EF /* Project object */;
			proxyType = 1;
			remoteGlobalIDString = 0B21B48F228969FB004270C8;
			remoteInfo = CSVideoNotification;
		};
		0BB518BF22806BE400DAD064 /* PBXContainerItemProxy */ = {
			isa = PBXContainerItemProxy;
			containerPortal = 0B1B40F92276D02B0068E3EF /* Project object */;
			proxyType = 1;
			remoteGlobalIDString = 0BB518B922806BE400DAD064;
			remoteInfo = CSNotificationService;
		};
/* End PBXContainerItemProxy section */

/* Begin PBXCopyFilesBuildPhase section */
		0BB518C522806BE400DAD064 /* Embed App Extensions */ = {
			isa = PBXCopyFilesBuildPhase;
			buildActionMask = 2147483647;
			dstPath = "";
			dstSubfolderSpec = 13;
			files = (
				0BB518C122806BE400DAD064 /* CSNotificationService.appex in Embed App Extensions */,
				0B21B49E228969FB004270C8 /* CSVideoNotification.appex in Embed App Extensions */,
			);
			name = "Embed App Extensions";
			runOnlyForDeploymentPostprocessing = 0;
		};
/* End PBXCopyFilesBuildPhase section */

/* Begin PBXFileReference section */
		04A982F85380337532979F1F /* Pods_CSNotificationService.framework */ = {isa = PBXFileReference; explicitFileType = wrapper.framework; includeInIndex = 0; path = Pods_CSNotificationService.framework; sourceTree = BUILT_PRODUCTS_DIR; };
		0B1B41012276D02B0068E3EF /* Push Testing.app */ = {isa = PBXFileReference; explicitFileType = wrapper.application; includeInIndex = 0; path = "Push Testing.app"; sourceTree = BUILT_PRODUCTS_DIR; };
		0B1B41042276D02B0068E3EF /* AppDelegate.swift */ = {isa = PBXFileReference; lastKnownFileType = sourcecode.swift; path = AppDelegate.swift; sourceTree = "<group>"; };
		0B1B41062276D02C0068E3EF /* ViewController.swift */ = {isa = PBXFileReference; lastKnownFileType = sourcecode.swift; path = ViewController.swift; sourceTree = "<group>"; };
		0B1B41092276D02C0068E3EF /* Base */ = {isa = PBXFileReference; lastKnownFileType = file.storyboard; name = Base; path = Base.lproj/Main.storyboard; sourceTree = "<group>"; };
		0B1B410B2276D02D0068E3EF /* Assets.xcassets */ = {isa = PBXFileReference; lastKnownFileType = folder.assetcatalog; path = Assets.xcassets; sourceTree = "<group>"; };
		0B1B410E2276D02D0068E3EF /* Base */ = {isa = PBXFileReference; lastKnownFileType = file.storyboard; name = Base; path = Base.lproj/LaunchScreen.storyboard; sourceTree = "<group>"; };
		0B1B41102276D02D0068E3EF /* Info.plist */ = {isa = PBXFileReference; lastKnownFileType = text.plist.xml; path = Info.plist; sourceTree = "<group>"; };
		0B1B41162276E2490068E3EF /* Push Testing.entitlements */ = {isa = PBXFileReference; lastKnownFileType = text.plist.entitlements; path = "Push Testing.entitlements"; sourceTree = "<group>"; };
		0B21B490228969FB004270C8 /* CSVideoNotification.appex */ = {isa = PBXFileReference; explicitFileType = "wrapper.app-extension"; includeInIndex = 0; path = CSVideoNotification.appex; sourceTree = BUILT_PRODUCTS_DIR; };
		0B21B491228969FB004270C8 /* UserNotifications.framework */ = {isa = PBXFileReference; lastKnownFileType = wrapper.framework; name = UserNotifications.framework; path = System/Library/Frameworks/UserNotifications.framework; sourceTree = SDKROOT; };
		0B21B493228969FB004270C8 /* UserNotificationsUI.framework */ = {isa = PBXFileReference; lastKnownFileType = wrapper.framework; name = UserNotificationsUI.framework; path = System/Library/Frameworks/UserNotificationsUI.framework; sourceTree = SDKROOT; };
		0B21B496228969FB004270C8 /* NotificationViewController.swift */ = {isa = PBXFileReference; lastKnownFileType = sourcecode.swift; path = NotificationViewController.swift; sourceTree = "<group>"; };
		0B21B499228969FB004270C8 /* Base */ = {isa = PBXFileReference; lastKnownFileType = file.storyboard; name = Base; path = Base.lproj/MainInterface.storyboard; sourceTree = "<group>"; };
		0B21B49B228969FB004270C8 /* Info.plist */ = {isa = PBXFileReference; lastKnownFileType = text.plist.xml; path = Info.plist; sourceTree = "<group>"; };
		0B4A5C62227C6E37008D3505 /* CSPushManager.swift */ = {isa = PBXFileReference; lastKnownFileType = sourcecode.swift; path = CSPushManager.swift; sourceTree = "<group>"; };
		0B5601D0228420EF00EEB570 /* MockChatCell.swift */ = {isa = PBXFileReference; lastKnownFileType = sourcecode.swift; path = MockChatCell.swift; sourceTree = "<group>"; };
		0B5601D1228420EF00EEB570 /* MockChatCell.xib */ = {isa = PBXFileReference; lastKnownFileType = file.xib; path = MockChatCell.xib; sourceTree = "<group>"; };
		0B5601D42284251400EEB570 /* CSChat.swift */ = {isa = PBXFileReference; lastKnownFileType = sourcecode.swift; path = CSChat.swift; sourceTree = "<group>"; };
		0B78626E228057BF006E92F2 /* CSPushConstants.swift */ = {isa = PBXFileReference; lastKnownFileType = sourcecode.swift; path = CSPushConstants.swift; sourceTree = "<group>"; };
		0B786270228058B1006E92F2 /* PushConstants.plist */ = {isa = PBXFileReference; lastKnownFileType = text.plist.xml; path = PushConstants.plist; sourceTree = "<group>"; };
		0BB518BA22806BE400DAD064 /* CSNotificationService.appex */ = {isa = PBXFileReference; explicitFileType = "wrapper.app-extension"; includeInIndex = 0; path = CSNotificationService.appex; sourceTree = BUILT_PRODUCTS_DIR; };
		0BB518BC22806BE400DAD064 /* NotificationService.swift */ = {isa = PBXFileReference; lastKnownFileType = sourcecode.swift; path = NotificationService.swift; sourceTree = "<group>"; };
		0BB518BE22806BE400DAD064 /* Info.plist */ = {isa = PBXFileReference; lastKnownFileType = text.plist.xml; path = Info.plist; sourceTree = "<group>"; };
		0BD301D5228C363800DF55BB /* AnimatablePlayButtonLayers.swift */ = {isa = PBXFileReference; lastKnownFileType = sourcecode.swift; path = AnimatablePlayButtonLayers.swift; sourceTree = "<group>"; };
		0BD301D7228C3C3A00DF55BB /* CGRectExtension.swift */ = {isa = PBXFileReference; lastKnownFileType = sourcecode.swift; path = CGRectExtension.swift; sourceTree = "<group>"; };
		0BEBE0C02289A3CF00CCC90E /* NotificationViewModel.swift */ = {isa = PBXFileReference; lastKnownFileType = sourcecode.swift; path = NotificationViewModel.swift; sourceTree = "<group>"; };
		0BF74B67228AA3BD00CCC93C /* AnimatablePlayButton.swift */ = {isa = PBXFileReference; lastKnownFileType = sourcecode.swift; path = AnimatablePlayButton.swift; sourceTree = "<group>"; };
		45D6112377F3582AF4831BE9 /* Pods-CSVideoNotification.debug.xcconfig */ = {isa = PBXFileReference; includeInIndex = 1; lastKnownFileType = text.xcconfig; name = "Pods-CSVideoNotification.debug.xcconfig"; path = "Target Support Files/Pods-CSVideoNotification/Pods-CSVideoNotification.debug.xcconfig"; sourceTree = "<group>"; };
		4C8FA095999C517DB485EB2E /* Pods-Push Testing.debug.xcconfig */ = {isa = PBXFileReference; includeInIndex = 1; lastKnownFileType = text.xcconfig; name = "Pods-Push Testing.debug.xcconfig"; path = "Target Support Files/Pods-Push Testing/Pods-Push Testing.debug.xcconfig"; sourceTree = "<group>"; };
		4F06B73B929DB5BC82E14319 /* Pods-Push Testing.release.xcconfig */ = {isa = PBXFileReference; includeInIndex = 1; lastKnownFileType = text.xcconfig; name = "Pods-Push Testing.release.xcconfig"; path = "Target Support Files/Pods-Push Testing/Pods-Push Testing.release.xcconfig"; sourceTree = "<group>"; };
		60A836C73ED6DFD1D193190C /* Pods-CSNotificationService.release.xcconfig */ = {isa = PBXFileReference; includeInIndex = 1; lastKnownFileType = text.xcconfig; name = "Pods-CSNotificationService.release.xcconfig"; path = "Target Support Files/Pods-CSNotificationService/Pods-CSNotificationService.release.xcconfig"; sourceTree = "<group>"; };
		8E267F9046EBFFAFD096F159 /* Pods_Push_Testing.framework */ = {isa = PBXFileReference; explicitFileType = wrapper.framework; includeInIndex = 0; path = Pods_Push_Testing.framework; sourceTree = BUILT_PRODUCTS_DIR; };
		C9840AB6798AB4117E1655F6 /* Pods_CSVideoNotification.framework */ = {isa = PBXFileReference; explicitFileType = wrapper.framework; includeInIndex = 0; path = Pods_CSVideoNotification.framework; sourceTree = BUILT_PRODUCTS_DIR; };
		F2FBA2718D44F41F3F63A6B2 /* Pods-CSVideoNotification.release.xcconfig */ = {isa = PBXFileReference; includeInIndex = 1; lastKnownFileType = text.xcconfig; name = "Pods-CSVideoNotification.release.xcconfig"; path = "Target Support Files/Pods-CSVideoNotification/Pods-CSVideoNotification.release.xcconfig"; sourceTree = "<group>"; };
		F870BC9EBAA6BE1EAFCC7D22 /* Pods-CSNotificationService.debug.xcconfig */ = {isa = PBXFileReference; includeInIndex = 1; lastKnownFileType = text.xcconfig; name = "Pods-CSNotificationService.debug.xcconfig"; path = "Target Support Files/Pods-CSNotificationService/Pods-CSNotificationService.debug.xcconfig"; sourceTree = "<group>"; };
/* End PBXFileReference section */

/* Begin PBXFrameworksBuildPhase section */
		0B1B40FE2276D02B0068E3EF /* Frameworks */ = {
			isa = PBXFrameworksBuildPhase;
			buildActionMask = 2147483647;
			files = (
				3161ACFCCA4673F408B5D0DC /* Pods_Push_Testing.framework in Frameworks */,
			);
			runOnlyForDeploymentPostprocessing = 0;
		};
		0B21B48D228969FB004270C8 /* Frameworks */ = {
			isa = PBXFrameworksBuildPhase;
			buildActionMask = 2147483647;
			files = (
				0B21B494228969FB004270C8 /* UserNotificationsUI.framework in Frameworks */,
				0B21B492228969FB004270C8 /* UserNotifications.framework in Frameworks */,
				5B6E368CEA0FC5B299B8B086 /* Pods_CSVideoNotification.framework in Frameworks */,
			);
			runOnlyForDeploymentPostprocessing = 0;
		};
		0BB518B722806BE400DAD064 /* Frameworks */ = {
			isa = PBXFrameworksBuildPhase;
			buildActionMask = 2147483647;
			files = (
				A28E9B3D0C1AF43F70FF4D38 /* Pods_CSNotificationService.framework in Frameworks */,
			);
			runOnlyForDeploymentPostprocessing = 0;
		};
/* End PBXFrameworksBuildPhase section */

/* Begin PBXGroup section */
		0B1B40F82276D02B0068E3EF = {
			isa = PBXGroup;
			children = (
				0B1B41032276D02B0068E3EF /* Push Testing */,
				0B4A5C61227C6E21008D3505 /* CSPushManager */,
				0BB518BB22806BE400DAD064 /* CSNotificationService */,
				0B21B495228969FB004270C8 /* CSVideoNotification */,
				0B1B41022276D02B0068E3EF /* Products */,
				627F28C86A1222E7164A2947 /* Pods */,
				10ADEEDCD0E8A3CE3DCA71DC /* Frameworks */,
			);
			sourceTree = "<group>";
		};
		0B1B41022276D02B0068E3EF /* Products */ = {
			isa = PBXGroup;
			children = (
				0B1B41012276D02B0068E3EF /* Push Testing.app */,
				0BB518BA22806BE400DAD064 /* CSNotificationService.appex */,
				0B21B490228969FB004270C8 /* CSVideoNotification.appex */,
			);
			name = Products;
			sourceTree = "<group>";
		};
		0B1B41032276D02B0068E3EF /* Push Testing */ = {
			isa = PBXGroup;
			children = (
				0B1B41162276E2490068E3EF /* Push Testing.entitlements */,
				0B1B41042276D02B0068E3EF /* AppDelegate.swift */,
				0B1B41062276D02C0068E3EF /* ViewController.swift */,
				0B1B41082276D02C0068E3EF /* Main.storyboard */,
				0B5601D0228420EF00EEB570 /* MockChatCell.swift */,
				0B5601D1228420EF00EEB570 /* MockChatCell.xib */,
				0B1B410B2276D02D0068E3EF /* Assets.xcassets */,
				0B1B410D2276D02D0068E3EF /* LaunchScreen.storyboard */,
				0B1B41102276D02D0068E3EF /* Info.plist */,
				0B786270228058B1006E92F2 /* PushConstants.plist */,
			);
			path = "Push Testing";
			sourceTree = "<group>";
		};
		0B21B495228969FB004270C8 /* CSVideoNotification */ = {
			isa = PBXGroup;
			children = (
				0B21B496228969FB004270C8 /* NotificationViewController.swift */,
				0BEBE0C02289A3CF00CCC90E /* NotificationViewModel.swift */,
				0B21B498228969FB004270C8 /* MainInterface.storyboard */,
				0BF74B67228AA3BD00CCC93C /* AnimatablePlayButton.swift */,
				0BD301D7228C3C3A00DF55BB /* CGRectExtension.swift */,
				0BD301D5228C363800DF55BB /* AnimatablePlayButtonLayers.swift */,
				0B21B49B228969FB004270C8 /* Info.plist */,
			);
			path = CSVideoNotification;
			sourceTree = "<group>";
		};
		0B4A5C61227C6E21008D3505 /* CSPushManager */ = {
			isa = PBXGroup;
			children = (
				0B4A5C62227C6E37008D3505 /* CSPushManager.swift */,
				0B78626E228057BF006E92F2 /* CSPushConstants.swift */,
				0B5601D42284251400EEB570 /* CSChat.swift */,
			);
			path = CSPushManager;
			sourceTree = "<group>";
		};
		0BB518BB22806BE400DAD064 /* CSNotificationService */ = {
			isa = PBXGroup;
			children = (
				0BB518BC22806BE400DAD064 /* NotificationService.swift */,
				0BB518BE22806BE400DAD064 /* Info.plist */,
			);
			path = CSNotificationService;
			sourceTree = "<group>";
		};
		10ADEEDCD0E8A3CE3DCA71DC /* Frameworks */ = {
			isa = PBXGroup;
			children = (
				8E267F9046EBFFAFD096F159 /* Pods_Push_Testing.framework */,
				04A982F85380337532979F1F /* Pods_CSNotificationService.framework */,
				0B21B491228969FB004270C8 /* UserNotifications.framework */,
				0B21B493228969FB004270C8 /* UserNotificationsUI.framework */,
				C9840AB6798AB4117E1655F6 /* Pods_CSVideoNotification.framework */,
			);
			name = Frameworks;
			sourceTree = "<group>";
		};
		627F28C86A1222E7164A2947 /* Pods */ = {
			isa = PBXGroup;
			children = (
				4C8FA095999C517DB485EB2E /* Pods-Push Testing.debug.xcconfig */,
				4F06B73B929DB5BC82E14319 /* Pods-Push Testing.release.xcconfig */,
				F870BC9EBAA6BE1EAFCC7D22 /* Pods-CSNotificationService.debug.xcconfig */,
				60A836C73ED6DFD1D193190C /* Pods-CSNotificationService.release.xcconfig */,
				45D6112377F3582AF4831BE9 /* Pods-CSVideoNotification.debug.xcconfig */,
				F2FBA2718D44F41F3F63A6B2 /* Pods-CSVideoNotification.release.xcconfig */,
			);
			path = Pods;
			sourceTree = "<group>";
		};
/* End PBXGroup section */

/* Begin PBXNativeTarget section */
		0B1B41002276D02B0068E3EF /* Push Testing */ = {
			isa = PBXNativeTarget;
			buildConfigurationList = 0B1B41132276D02D0068E3EF /* Build configuration list for PBXNativeTarget "Push Testing" */;
			buildPhases = (
				E651BBD05F7902D103DE229A /* [CP] Check Pods Manifest.lock */,
				0B1B40FD2276D02B0068E3EF /* Sources */,
				0B1B40FE2276D02B0068E3EF /* Frameworks */,
				0B1B40FF2276D02B0068E3EF /* Resources */,
				0715B2A69C00E863A3F4926A /* [CP] Embed Pods Frameworks */,
				0BB518C522806BE400DAD064 /* Embed App Extensions */,
			);
			buildRules = (
			);
			dependencies = (
				0BB518C022806BE400DAD064 /* PBXTargetDependency */,
				0B21B49D228969FB004270C8 /* PBXTargetDependency */,
			);
			name = "Push Testing";
			productName = "Push Testing";
			productReference = 0B1B41012276D02B0068E3EF /* Push Testing.app */;
			productType = "com.apple.product-type.application";
		};
		0B21B48F228969FB004270C8 /* CSVideoNotification */ = {
			isa = PBXNativeTarget;
			buildConfigurationList = 0B21B49F228969FB004270C8 /* Build configuration list for PBXNativeTarget "CSVideoNotification" */;
			buildPhases = (
				2205C758F41751D0AE05AAD5 /* [CP] Check Pods Manifest.lock */,
				0B21B48C228969FB004270C8 /* Sources */,
				0B21B48D228969FB004270C8 /* Frameworks */,
				0B21B48E228969FB004270C8 /* Resources */,
			);
			buildRules = (
			);
			dependencies = (
			);
			name = CSVideoNotification;
			productName = CSVideoNotification;
			productReference = 0B21B490228969FB004270C8 /* CSVideoNotification.appex */;
			productType = "com.apple.product-type.app-extension";
		};
		0BB518B922806BE400DAD064 /* CSNotificationService */ = {
			isa = PBXNativeTarget;
			buildConfigurationList = 0BB518C422806BE400DAD064 /* Build configuration list for PBXNativeTarget "CSNotificationService" */;
			buildPhases = (
				0D12AD0D714ECF4C8EA11D4A /* [CP] Check Pods Manifest.lock */,
				0BB518B622806BE400DAD064 /* Sources */,
				0BB518B722806BE400DAD064 /* Frameworks */,
				0BB518B822806BE400DAD064 /* Resources */,
			);
			buildRules = (
			);
			dependencies = (
			);
			name = CSNotificationService;
			productName = CSNotificationService;
			productReference = 0BB518BA22806BE400DAD064 /* CSNotificationService.appex */;
			productType = "com.apple.product-type.app-extension";
		};
/* End PBXNativeTarget section */

/* Begin PBXProject section */
		0B1B40F92276D02B0068E3EF /* Project object */ = {
			isa = PBXProject;
			attributes = {
				LastSwiftUpdateCheck = 1020;
				LastUpgradeCheck = 1020;
				ORGANIZATIONNAME = Vedran;
				TargetAttributes = {
					0B1B41002276D02B0068E3EF = {
						CreatedOnToolsVersion = 10.2.1;
						LastSwiftMigration = 1020;
						SystemCapabilities = {
							com.apple.BackgroundModes = {
								enabled = 1;
							};
							com.apple.Push = {
								enabled = 1;
							};
						};
					};
					0B21B48F228969FB004270C8 = {
						CreatedOnToolsVersion = 10.2.1;
					};
					0BB518B922806BE400DAD064 = {
						CreatedOnToolsVersion = 10.2.1;
						LastSwiftMigration = 1020;
					};
				};
			};
			buildConfigurationList = 0B1B40FC2276D02B0068E3EF /* Build configuration list for PBXProject "Push Testing" */;
			compatibilityVersion = "Xcode 9.3";
			developmentRegion = en;
			hasScannedForEncodings = 0;
			knownRegions = (
				en,
				Base,
			);
			mainGroup = 0B1B40F82276D02B0068E3EF;
			productRefGroup = 0B1B41022276D02B0068E3EF /* Products */;
			projectDirPath = "";
			projectRoot = "";
			targets = (
				0B1B41002276D02B0068E3EF /* Push Testing */,
				0BB518B922806BE400DAD064 /* CSNotificationService */,
				0B21B48F228969FB004270C8 /* CSVideoNotification */,
			);
		};
/* End PBXProject section */

/* Begin PBXResourcesBuildPhase section */
		0B1B40FF2276D02B0068E3EF /* Resources */ = {
			isa = PBXResourcesBuildPhase;
			buildActionMask = 2147483647;
			files = (
				0B1B410F2276D02D0068E3EF /* LaunchScreen.storyboard in Resources */,
				0B1B410C2276D02D0068E3EF /* Assets.xcassets in Resources */,
				0B5601D3228420EF00EEB570 /* MockChatCell.xib in Resources */,
				0B786271228058B1006E92F2 /* PushConstants.plist in Resources */,
				0B1B410A2276D02C0068E3EF /* Main.storyboard in Resources */,
			);
			runOnlyForDeploymentPostprocessing = 0;
		};
		0B21B48E228969FB004270C8 /* Resources */ = {
			isa = PBXResourcesBuildPhase;
			buildActionMask = 2147483647;
			files = (
				0B21B49A228969FB004270C8 /* MainInterface.storyboard in Resources */,
			);
			runOnlyForDeploymentPostprocessing = 0;
		};
		0BB518B822806BE400DAD064 /* Resources */ = {
			isa = PBXResourcesBuildPhase;
			buildActionMask = 2147483647;
			files = (
			);
			runOnlyForDeploymentPostprocessing = 0;
		};
/* End PBXResourcesBuildPhase section */

/* Begin PBXShellScriptBuildPhase section */
		0715B2A69C00E863A3F4926A /* [CP] Embed Pods Frameworks */ = {
			isa = PBXShellScriptBuildPhase;
			buildActionMask = 2147483647;
			files = (
			);
			inputFileListPaths = (
			);
			inputPaths = (
				"${PODS_ROOT}/Target Support Files/Pods-Push Testing/Pods-Push Testing-frameworks.sh",
				"${BUILT_PRODUCTS_DIR}/ReachabilitySwift-iOS10.0/Reachability.framework",
				"${BUILT_PRODUCTS_DIR}/RxCocoa-iOS10.0/RxCocoa.framework",
				"${BUILT_PRODUCTS_DIR}/RxReachability-iOS10.0/RxReachability.framework",
				"${BUILT_PRODUCTS_DIR}/RxSwift-iOS10.0/RxSwift.framework",
				"${BUILT_PRODUCTS_DIR}/SDWebImage-iOS10.0/SDWebImage.framework",
			);
			name = "[CP] Embed Pods Frameworks";
			outputFileListPaths = (
			);
			outputPaths = (
				"${TARGET_BUILD_DIR}/${FRAMEWORKS_FOLDER_PATH}/Reachability.framework",
				"${TARGET_BUILD_DIR}/${FRAMEWORKS_FOLDER_PATH}/RxCocoa.framework",
				"${TARGET_BUILD_DIR}/${FRAMEWORKS_FOLDER_PATH}/RxReachability.framework",
				"${TARGET_BUILD_DIR}/${FRAMEWORKS_FOLDER_PATH}/RxSwift.framework",
				"${TARGET_BUILD_DIR}/${FRAMEWORKS_FOLDER_PATH}/SDWebImage.framework",
			);
			runOnlyForDeploymentPostprocessing = 0;
			shellPath = /bin/sh;
			shellScript = "\"${PODS_ROOT}/Target Support Files/Pods-Push Testing/Pods-Push Testing-frameworks.sh\"\n";
			showEnvVarsInLog = 0;
		};
		0D12AD0D714ECF4C8EA11D4A /* [CP] Check Pods Manifest.lock */ = {
			isa = PBXShellScriptBuildPhase;
			buildActionMask = 2147483647;
			files = (
			);
			inputFileListPaths = (
			);
			inputPaths = (
				"${PODS_PODFILE_DIR_PATH}/Podfile.lock",
				"${PODS_ROOT}/Manifest.lock",
			);
			name = "[CP] Check Pods Manifest.lock";
			outputFileListPaths = (
			);
			outputPaths = (
				"$(DERIVED_FILE_DIR)/Pods-CSNotificationService-checkManifestLockResult.txt",
			);
			runOnlyForDeploymentPostprocessing = 0;
			shellPath = /bin/sh;
			shellScript = "diff \"${PODS_PODFILE_DIR_PATH}/Podfile.lock\" \"${PODS_ROOT}/Manifest.lock\" > /dev/null\nif [ $? != 0 ] ; then\n    # print error to STDERR\n    echo \"error: The sandbox is not in sync with the Podfile.lock. Run 'pod install' or update your CocoaPods installation.\" >&2\n    exit 1\nfi\n# This output is used by Xcode 'outputs' to avoid re-running this script phase.\necho \"SUCCESS\" > \"${SCRIPT_OUTPUT_FILE_0}\"\n";
			showEnvVarsInLog = 0;
		};
		2205C758F41751D0AE05AAD5 /* [CP] Check Pods Manifest.lock */ = {
			isa = PBXShellScriptBuildPhase;
			buildActionMask = 2147483647;
			files = (
			);
			inputFileListPaths = (
			);
			inputPaths = (
				"${PODS_PODFILE_DIR_PATH}/Podfile.lock",
				"${PODS_ROOT}/Manifest.lock",
			);
			name = "[CP] Check Pods Manifest.lock";
			outputFileListPaths = (
			);
			outputPaths = (
				"$(DERIVED_FILE_DIR)/Pods-CSVideoNotification-checkManifestLockResult.txt",
			);
			runOnlyForDeploymentPostprocessing = 0;
			shellPath = /bin/sh;
			shellScript = "diff \"${PODS_PODFILE_DIR_PATH}/Podfile.lock\" \"${PODS_ROOT}/Manifest.lock\" > /dev/null\nif [ $? != 0 ] ; then\n    # print error to STDERR\n    echo \"error: The sandbox is not in sync with the Podfile.lock. Run 'pod install' or update your CocoaPods installation.\" >&2\n    exit 1\nfi\n# This output is used by Xcode 'outputs' to avoid re-running this script phase.\necho \"SUCCESS\" > \"${SCRIPT_OUTPUT_FILE_0}\"\n";
			showEnvVarsInLog = 0;
		};
		E651BBD05F7902D103DE229A /* [CP] Check Pods Manifest.lock */ = {
			isa = PBXShellScriptBuildPhase;
			buildActionMask = 2147483647;
			files = (
			);
			inputFileListPaths = (
			);
			inputPaths = (
				"${PODS_PODFILE_DIR_PATH}/Podfile.lock",
				"${PODS_ROOT}/Manifest.lock",
			);
			name = "[CP] Check Pods Manifest.lock";
			outputFileListPaths = (
			);
			outputPaths = (
				"$(DERIVED_FILE_DIR)/Pods-Push Testing-checkManifestLockResult.txt",
			);
			runOnlyForDeploymentPostprocessing = 0;
			shellPath = /bin/sh;
			shellScript = "diff \"${PODS_PODFILE_DIR_PATH}/Podfile.lock\" \"${PODS_ROOT}/Manifest.lock\" > /dev/null\nif [ $? != 0 ] ; then\n    # print error to STDERR\n    echo \"error: The sandbox is not in sync with the Podfile.lock. Run 'pod install' or update your CocoaPods installation.\" >&2\n    exit 1\nfi\n# This output is used by Xcode 'outputs' to avoid re-running this script phase.\necho \"SUCCESS\" > \"${SCRIPT_OUTPUT_FILE_0}\"\n";
			showEnvVarsInLog = 0;
		};
/* End PBXShellScriptBuildPhase section */

/* Begin PBXSourcesBuildPhase section */
		0B1B40FD2276D02B0068E3EF /* Sources */ = {
			isa = PBXSourcesBuildPhase;
			buildActionMask = 2147483647;
			files = (
				0B1B41072276D02C0068E3EF /* ViewController.swift in Sources */,
				0B5601D52284251400EEB570 /* CSChat.swift in Sources */,
				0B4A5C63227C6E37008D3505 /* CSPushManager.swift in Sources */,
				0B1B41052276D02C0068E3EF /* AppDelegate.swift in Sources */,
				0B5601D2228420EF00EEB570 /* MockChatCell.swift in Sources */,
				0B78626F228057BF006E92F2 /* CSPushConstants.swift in Sources */,
			);
			runOnlyForDeploymentPostprocessing = 0;
		};
		0B21B48C228969FB004270C8 /* Sources */ = {
			isa = PBXSourcesBuildPhase;
			buildActionMask = 2147483647;
			files = (
				0BD301D8228C3C3A00DF55BB /* CGRectExtension.swift in Sources */,
				0B21B497228969FB004270C8 /* NotificationViewController.swift in Sources */,
				0BF74B68228AA3BD00CCC93C /* AnimatablePlayButton.swift in Sources */,
				0BD301D6228C363800DF55BB /* AnimatablePlayButtonLayers.swift in Sources */,
				0BEBE0C12289A3CF00CCC90E /* NotificationViewModel.swift in Sources */,
			);
			runOnlyForDeploymentPostprocessing = 0;
		};
		0BB518B622806BE400DAD064 /* Sources */ = {
			isa = PBXSourcesBuildPhase;
			buildActionMask = 2147483647;
			files = (
				0BB518C922806BFC00DAD064 /* NotificationService.swift in Sources */,
				0BB518CA2280732B00DAD064 /* CSPushConstants.swift in Sources */,
			);
			runOnlyForDeploymentPostprocessing = 0;
		};
/* End PBXSourcesBuildPhase section */

/* Begin PBXTargetDependency section */
		0B21B49D228969FB004270C8 /* PBXTargetDependency */ = {
			isa = PBXTargetDependency;
			target = 0B21B48F228969FB004270C8 /* CSVideoNotification */;
			targetProxy = 0B21B49C228969FB004270C8 /* PBXContainerItemProxy */;
		};
		0BB518C022806BE400DAD064 /* PBXTargetDependency */ = {
			isa = PBXTargetDependency;
			target = 0BB518B922806BE400DAD064 /* CSNotificationService */;
			targetProxy = 0BB518BF22806BE400DAD064 /* PBXContainerItemProxy */;
		};
/* End PBXTargetDependency section */

/* Begin PBXVariantGroup section */
		0B1B41082276D02C0068E3EF /* Main.storyboard */ = {
			isa = PBXVariantGroup;
			children = (
				0B1B41092276D02C0068E3EF /* Base */,
			);
			name = Main.storyboard;
			sourceTree = "<group>";
		};
		0B1B410D2276D02D0068E3EF /* LaunchScreen.storyboard */ = {
			isa = PBXVariantGroup;
			children = (
				0B1B410E2276D02D0068E3EF /* Base */,
			);
			name = LaunchScreen.storyboard;
			sourceTree = "<group>";
		};
		0B21B498228969FB004270C8 /* MainInterface.storyboard */ = {
			isa = PBXVariantGroup;
			children = (
				0B21B499228969FB004270C8 /* Base */,
			);
			name = MainInterface.storyboard;
			sourceTree = "<group>";
		};
/* End PBXVariantGroup section */

/* Begin XCBuildConfiguration section */
		0B1B41112276D02D0068E3EF /* Debug */ = {
			isa = XCBuildConfiguration;
			buildSettings = {
				ALWAYS_SEARCH_USER_PATHS = NO;
				CLANG_ANALYZER_NONNULL = YES;
				CLANG_ANALYZER_NUMBER_OBJECT_CONVERSION = YES_AGGRESSIVE;
				CLANG_CXX_LANGUAGE_STANDARD = "gnu++14";
				CLANG_CXX_LIBRARY = "libc++";
				CLANG_ENABLE_MODULES = YES;
				CLANG_ENABLE_OBJC_ARC = YES;
				CLANG_ENABLE_OBJC_WEAK = YES;
				CLANG_WARN_BLOCK_CAPTURE_AUTORELEASING = YES;
				CLANG_WARN_BOOL_CONVERSION = YES;
				CLANG_WARN_COMMA = YES;
				CLANG_WARN_CONSTANT_CONVERSION = YES;
				CLANG_WARN_DEPRECATED_OBJC_IMPLEMENTATIONS = YES;
				CLANG_WARN_DIRECT_OBJC_ISA_USAGE = YES_ERROR;
				CLANG_WARN_DOCUMENTATION_COMMENTS = YES;
				CLANG_WARN_EMPTY_BODY = YES;
				CLANG_WARN_ENUM_CONVERSION = YES;
				CLANG_WARN_INFINITE_RECURSION = YES;
				CLANG_WARN_INT_CONVERSION = YES;
				CLANG_WARN_NON_LITERAL_NULL_CONVERSION = YES;
				CLANG_WARN_OBJC_IMPLICIT_RETAIN_SELF = YES;
				CLANG_WARN_OBJC_LITERAL_CONVERSION = YES;
				CLANG_WARN_OBJC_ROOT_CLASS = YES_ERROR;
				CLANG_WARN_RANGE_LOOP_ANALYSIS = YES;
				CLANG_WARN_STRICT_PROTOTYPES = YES;
				CLANG_WARN_SUSPICIOUS_MOVE = YES;
				CLANG_WARN_UNGUARDED_AVAILABILITY = YES_AGGRESSIVE;
				CLANG_WARN_UNREACHABLE_CODE = YES;
				CLANG_WARN__DUPLICATE_METHOD_MATCH = YES;
				CODE_SIGN_IDENTITY = "iPhone Developer";
				COPY_PHASE_STRIP = NO;
				DEBUG_INFORMATION_FORMAT = dwarf;
				ENABLE_STRICT_OBJC_MSGSEND = YES;
				ENABLE_TESTABILITY = YES;
				GCC_C_LANGUAGE_STANDARD = gnu11;
				GCC_DYNAMIC_NO_PIC = NO;
				GCC_NO_COMMON_BLOCKS = YES;
				GCC_OPTIMIZATION_LEVEL = 0;
				GCC_PREPROCESSOR_DEFINITIONS = (
					"DEBUG=1",
					"$(inherited)",
				);
				GCC_WARN_64_TO_32_BIT_CONVERSION = YES;
				GCC_WARN_ABOUT_RETURN_TYPE = YES_ERROR;
				GCC_WARN_UNDECLARED_SELECTOR = YES;
				GCC_WARN_UNINITIALIZED_AUTOS = YES_AGGRESSIVE;
				GCC_WARN_UNUSED_FUNCTION = YES;
				GCC_WARN_UNUSED_VARIABLE = YES;
				IPHONEOS_DEPLOYMENT_TARGET = 12.2;
				MTL_ENABLE_DEBUG_INFO = INCLUDE_SOURCE;
				MTL_FAST_MATH = YES;
				ONLY_ACTIVE_ARCH = YES;
				SDKROOT = iphoneos;
				SWIFT_ACTIVE_COMPILATION_CONDITIONS = DEBUG;
				SWIFT_OPTIMIZATION_LEVEL = "-Onone";
			};
			name = Debug;
		};
		0B1B41122276D02D0068E3EF /* Release */ = {
			isa = XCBuildConfiguration;
			buildSettings = {
				ALWAYS_SEARCH_USER_PATHS = NO;
				CLANG_ANALYZER_NONNULL = YES;
				CLANG_ANALYZER_NUMBER_OBJECT_CONVERSION = YES_AGGRESSIVE;
				CLANG_CXX_LANGUAGE_STANDARD = "gnu++14";
				CLANG_CXX_LIBRARY = "libc++";
				CLANG_ENABLE_MODULES = YES;
				CLANG_ENABLE_OBJC_ARC = YES;
				CLANG_ENABLE_OBJC_WEAK = YES;
				CLANG_WARN_BLOCK_CAPTURE_AUTORELEASING = YES;
				CLANG_WARN_BOOL_CONVERSION = YES;
				CLANG_WARN_COMMA = YES;
				CLANG_WARN_CONSTANT_CONVERSION = YES;
				CLANG_WARN_DEPRECATED_OBJC_IMPLEMENTATIONS = YES;
				CLANG_WARN_DIRECT_OBJC_ISA_USAGE = YES_ERROR;
				CLANG_WARN_DOCUMENTATION_COMMENTS = YES;
				CLANG_WARN_EMPTY_BODY = YES;
				CLANG_WARN_ENUM_CONVERSION = YES;
				CLANG_WARN_INFINITE_RECURSION = YES;
				CLANG_WARN_INT_CONVERSION = YES;
				CLANG_WARN_NON_LITERAL_NULL_CONVERSION = YES;
				CLANG_WARN_OBJC_IMPLICIT_RETAIN_SELF = YES;
				CLANG_WARN_OBJC_LITERAL_CONVERSION = YES;
				CLANG_WARN_OBJC_ROOT_CLASS = YES_ERROR;
				CLANG_WARN_RANGE_LOOP_ANALYSIS = YES;
				CLANG_WARN_STRICT_PROTOTYPES = YES;
				CLANG_WARN_SUSPICIOUS_MOVE = YES;
				CLANG_WARN_UNGUARDED_AVAILABILITY = YES_AGGRESSIVE;
				CLANG_WARN_UNREACHABLE_CODE = YES;
				CLANG_WARN__DUPLICATE_METHOD_MATCH = YES;
				CODE_SIGN_IDENTITY = "iPhone Developer";
				COPY_PHASE_STRIP = NO;
				DEBUG_INFORMATION_FORMAT = "dwarf-with-dsym";
				ENABLE_NS_ASSERTIONS = NO;
				ENABLE_STRICT_OBJC_MSGSEND = YES;
				GCC_C_LANGUAGE_STANDARD = gnu11;
				GCC_NO_COMMON_BLOCKS = YES;
				GCC_WARN_64_TO_32_BIT_CONVERSION = YES;
				GCC_WARN_ABOUT_RETURN_TYPE = YES_ERROR;
				GCC_WARN_UNDECLARED_SELECTOR = YES;
				GCC_WARN_UNINITIALIZED_AUTOS = YES_AGGRESSIVE;
				GCC_WARN_UNUSED_FUNCTION = YES;
				GCC_WARN_UNUSED_VARIABLE = YES;
				IPHONEOS_DEPLOYMENT_TARGET = 12.2;
				MTL_ENABLE_DEBUG_INFO = NO;
				MTL_FAST_MATH = YES;
				SDKROOT = iphoneos;
				SWIFT_COMPILATION_MODE = wholemodule;
				SWIFT_OPTIMIZATION_LEVEL = "-O";
				VALIDATE_PRODUCT = YES;
			};
			name = Release;
		};
		0B1B41142276D02D0068E3EF /* Debug */ = {
			isa = XCBuildConfiguration;
			baseConfigurationReference = 4C8FA095999C517DB485EB2E /* Pods-Push Testing.debug.xcconfig */;
			buildSettings = {
				ALWAYS_EMBED_SWIFT_STANDARD_LIBRARIES = YES;
				ASSETCATALOG_COMPILER_APPICON_NAME = AppIcon;
				CODE_SIGN_ENTITLEMENTS = "Push Testing/Push Testing.entitlements";
				CODE_SIGN_STYLE = Automatic;
				DEVELOPMENT_TEAM = YU755VYJCP;
				INFOPLIST_FILE = "Push Testing/Info.plist";
				IPHONEOS_DEPLOYMENT_TARGET = 10.0;
				LD_RUNPATH_SEARCH_PATHS = (
					"$(inherited)",
					"@executable_path/Frameworks",
				);
				LIBRARY_SEARCH_PATHS = (
					"$(inherited)",
					"$(PROJECT_DIR)/Push\\ Testing",
					"$(PROJECT_DIR)/Push\\ Testing",
				);
				PRODUCT_BUNDLE_IDENTIFIER = "com.clover-studio.cspush";
				PRODUCT_NAME = "$(TARGET_NAME)";
				SWIFT_VERSION = 4.2;
				TARGETED_DEVICE_FAMILY = "1,2";
			};
			name = Debug;
		};
		0B1B41152276D02D0068E3EF /* Release */ = {
			isa = XCBuildConfiguration;
			baseConfigurationReference = 4F06B73B929DB5BC82E14319 /* Pods-Push Testing.release.xcconfig */;
			buildSettings = {
				ALWAYS_EMBED_SWIFT_STANDARD_LIBRARIES = YES;
				ASSETCATALOG_COMPILER_APPICON_NAME = AppIcon;
				CODE_SIGN_ENTITLEMENTS = "Push Testing/Push Testing.entitlements";
				CODE_SIGN_STYLE = Automatic;
				DEVELOPMENT_TEAM = YU755VYJCP;
				INFOPLIST_FILE = "Push Testing/Info.plist";
				IPHONEOS_DEPLOYMENT_TARGET = 10.0;
				LD_RUNPATH_SEARCH_PATHS = (
					"$(inherited)",
					"@executable_path/Frameworks",
				);
				LIBRARY_SEARCH_PATHS = (
					"$(inherited)",
					"$(PROJECT_DIR)/Push\\ Testing",
					"$(PROJECT_DIR)/Push\\ Testing",
				);
				PRODUCT_BUNDLE_IDENTIFIER = "com.clover-studio.cspush";
				PRODUCT_NAME = "$(TARGET_NAME)";
				SWIFT_VERSION = 4.2;
				TARGETED_DEVICE_FAMILY = "1,2";
			};
			name = Release;
		};
		0B21B4A0228969FB004270C8 /* Debug */ = {
			isa = XCBuildConfiguration;
			baseConfigurationReference = 45D6112377F3582AF4831BE9 /* Pods-CSVideoNotification.debug.xcconfig */;
			buildSettings = {
				CODE_SIGN_STYLE = Automatic;
				DEVELOPMENT_TEAM = YU755VYJCP;
				INFOPLIST_FILE = CSVideoNotification/Info.plist;
				LD_RUNPATH_SEARCH_PATHS = (
					"$(inherited)",
					"@executable_path/Frameworks",
					"@executable_path/../../Frameworks",
				);
				PRODUCT_BUNDLE_IDENTIFIER = "com.clover-studio.cspush.CSVideoNotification";
				PRODUCT_NAME = "$(TARGET_NAME)";
				SKIP_INSTALL = YES;
				SWIFT_VERSION = 5.0;
				TARGETED_DEVICE_FAMILY = "1,2";
			};
			name = Debug;
		};
		0B21B4A1228969FB004270C8 /* Release */ = {
			isa = XCBuildConfiguration;
			baseConfigurationReference = F2FBA2718D44F41F3F63A6B2 /* Pods-CSVideoNotification.release.xcconfig */;
			buildSettings = {
				CODE_SIGN_STYLE = Automatic;
				DEVELOPMENT_TEAM = YU755VYJCP;
				INFOPLIST_FILE = CSVideoNotification/Info.plist;
				LD_RUNPATH_SEARCH_PATHS = (
					"$(inherited)",
					"@executable_path/Frameworks",
					"@executable_path/../../Frameworks",
				);
				PRODUCT_BUNDLE_IDENTIFIER = "com.clover-studio.cspush.CSVideoNotification";
				PRODUCT_NAME = "$(TARGET_NAME)";
				SKIP_INSTALL = YES;
				SWIFT_VERSION = 5.0;
				TARGETED_DEVICE_FAMILY = "1,2";
			};
			name = Release;
		};
		0BB518C222806BE400DAD064 /* Debug */ = {
			isa = XCBuildConfiguration;
			baseConfigurationReference = F870BC9EBAA6BE1EAFCC7D22 /* Pods-CSNotificationService.debug.xcconfig */;
			buildSettings = {
				CODE_SIGN_STYLE = Automatic;
				DEVELOPMENT_TEAM = YU755VYJCP;
				INFOPLIST_FILE = CSNotificationService/Info.plist;
				IPHONEOS_DEPLOYMENT_TARGET = 10.0;
				LD_RUNPATH_SEARCH_PATHS = (
					"$(inherited)",
					"@executable_path/Frameworks",
					"@executable_path/../../Frameworks",
				);
				PRODUCT_BUNDLE_IDENTIFIER = "com.clover-studio.cspush.CSNotificationService";
				PRODUCT_NAME = "$(TARGET_NAME)";
				SKIP_INSTALL = YES;
				SWIFT_VERSION = 4.2;
				TARGETED_DEVICE_FAMILY = "1,2";
			};
			name = Debug;
		};
		0BB518C322806BE400DAD064 /* Release */ = {
			isa = XCBuildConfiguration;
			baseConfigurationReference = 60A836C73ED6DFD1D193190C /* Pods-CSNotificationService.release.xcconfig */;
			buildSettings = {
				CODE_SIGN_STYLE = Automatic;
				DEVELOPMENT_TEAM = YU755VYJCP;
				INFOPLIST_FILE = CSNotificationService/Info.plist;
				IPHONEOS_DEPLOYMENT_TARGET = 10.0;
				LD_RUNPATH_SEARCH_PATHS = (
					"$(inherited)",
					"@executable_path/Frameworks",
					"@executable_path/../../Frameworks",
				);
				PRODUCT_BUNDLE_IDENTIFIER = "com.clover-studio.cspush.CSNotificationService";
				PRODUCT_NAME = "$(TARGET_NAME)";
				SKIP_INSTALL = YES;
				SWIFT_VERSION = 4.2;
				TARGETED_DEVICE_FAMILY = "1,2";
			};
			name = Release;
		};
/* End XCBuildConfiguration section */

/* Begin XCConfigurationList section */
		0B1B40FC2276D02B0068E3EF /* Build configuration list for PBXProject "Push Testing" */ = {
			isa = XCConfigurationList;
			buildConfigurations = (
				0B1B41112276D02D0068E3EF /* Debug */,
				0B1B41122276D02D0068E3EF /* Release */,
			);
			defaultConfigurationIsVisible = 0;
			defaultConfigurationName = Release;
		};
		0B1B41132276D02D0068E3EF /* Build configuration list for PBXNativeTarget "Push Testing" */ = {
			isa = XCConfigurationList;
			buildConfigurations = (
				0B1B41142276D02D0068E3EF /* Debug */,
				0B1B41152276D02D0068E3EF /* Release */,
			);
			defaultConfigurationIsVisible = 0;
			defaultConfigurationName = Release;
		};
		0B21B49F228969FB004270C8 /* Build configuration list for PBXNativeTarget "CSVideoNotification" */ = {
			isa = XCConfigurationList;
			buildConfigurations = (
				0B21B4A0228969FB004270C8 /* Debug */,
				0B21B4A1228969FB004270C8 /* Release */,
			);
			defaultConfigurationIsVisible = 0;
			defaultConfigurationName = Release;
		};
		0BB518C422806BE400DAD064 /* Build configuration list for PBXNativeTarget "CSNotificationService" */ = {
			isa = XCConfigurationList;
			buildConfigurations = (
				0BB518C222806BE400DAD064 /* Debug */,
				0BB518C322806BE400DAD064 /* Release */,
			);
			defaultConfigurationIsVisible = 0;
			defaultConfigurationName = Release;
		};
/* End XCConfigurationList section */
	};
	rootObject = 0B1B40F92276D02B0068E3EF /* Project object */;
}
